
Microsoft Visual Studio Solution File, Format Version 12.00
# Visual Studio 2013
VisualStudioVersion = 12.0.40629.0
MinimumVisualStudioVersion = 10.0.40219.1
Project("{FAE04EC0-301F-11D3-BF4B-00C04F79EFBC}") = "CIDemo.Website", "CIDemo.Website\CIDemo.Website.csproj", "{B00829C0-7668-4084-94B0-FC2FED7E05E4}"
EndProject
Project("{2150E333-8FDC-42A3-9474-1A3956D46DE8}") = ".tds", ".tds", "{28057C66-6C94-4C34-903D-9CF1222218E2}"
	ProjectSection(SolutionItems) = preProject
		TdsGlobal.config = TdsGlobal.config
	EndProjectSection
EndProject
Project("{CAA73BB0-EF22-4D79-A57E-DF67B3BA9C80}") = "CIDemo.TDS.Master", "CIDemo.TDS.Master\CIDemo.TDS.Master.scproj", "{C8C3496B-6CED-427D-A1DC-70F8D832C5F5}"
EndProject
Global
	GlobalSection(SolutionConfigurationPlatforms) = preSolution
		Build|Any CPU = Build|Any CPU
		Debug|Any CPU = Debug|Any CPU
		Release|Any CPU = Release|Any CPU
	EndGlobalSection
	GlobalSection(ProjectConfigurationPlatforms) = postSolution
		{B00829C0-7668-4084-94B0-FC2FED7E05E4}.Build|Any CPU.ActiveCfg = Build|Any CPU
		{B00829C0-7668-4084-94B0-FC2FED7E05E4}.Build|Any CPU.Build.0 = Build|Any CPU
		{B00829C0-7668-4084-94B0-FC2FED7E05E4}.Debug|Any CPU.ActiveCfg = Debug|Any CPU
		{B00829C0-7668-4084-94B0-FC2FED7E05E4}.Debug|Any CPU.Build.0 = Debug|Any CPU
		{B00829C0-7668-4084-94B0-FC2FED7E05E4}.Release|Any CPU.ActiveCfg = Release|Any CPU
		{B00829C0-7668-4084-94B0-FC2FED7E05E4}.Release|Any CPU.Build.0 = Release|Any CPU
		{C8C3496B-6CED-427D-A1DC-70F8D832C5F5}.Build|Any CPU.ActiveCfg = Build|Any CPU
		{C8C3496B-6CED-427D-A1DC-70F8D832C5F5}.Build|Any CPU.Build.0 = Build|Any CPU
		{C8C3496B-6CED-427D-A1DC-70F8D832C5F5}.Build|Any CPU.Deploy.0 = Build|Any CPU
		{C8C3496B-6CED-427D-A1DC-70F8D832C5F5}.Debug|Any CPU.ActiveCfg = Debug|Any CPU
		{C8C3496B-6CED-427D-A1DC-70F8D832C5F5}.Debug|Any CPU.Build.0 = Debug|Any CPU
		{C8C3496B-6CED-427D-A1DC-70F8D832C5F5}.Debug|Any CPU.Deploy.0 = Debug|Any CPU
		{C8C3496B-6CED-427D-A1DC-70F8D832C5F5}.Release|Any CPU.ActiveCfg = Release|Any CPU
		{C8C3496B-6CED-427D-A1DC-70F8D832C5F5}.Release|Any CPU.Build.0 = Release|Any CPU
		{C8C3496B-6CED-427D-A1DC-70F8D832C5F5}.Release|Any CPU.Deploy.0 = Release|Any CPU
	EndGlobalSection
	GlobalSection(SolutionProperties) = preSolution
		HideSolutionNode = FALSE
	EndGlobalSection
EndGlobal
